
Microsoft Visual Studio Solution File, Format Version 12.00
# Visual Studio Version 17
VisualStudioVersion = 17.9.34723.18
MinimumVisualStudioVersion = 10.0.40219.1
Project("{9A19103F-16F7-4668-BE54-9A1E7A4F7556}") = "Frontend", "Testprojekt\Frontend.csproj", "{10410C99-CA53-4644-AD88-0F6010F66135}"
EndProject
Global
	GlobalSection(SolutionConfigurationPlatforms) = preSolution
		Debug|Any CPU = Debug|Any CPU
		Release|Any CPU = Release|Any CPU
	EndGlobalSection
	GlobalSection(ProjectConfigurationPlatforms) = postSolution
		{10410C99-CA53-4644-AD88-0F6010F66135}.Debug|Any CPU.ActiveCfg = Debug|Any CPU
		{10410C99-CA53-4644-AD88-0F6010F66135}.Debug|Any CPU.Build.0 = Debug|Any CPU
		{10410C99-CA53-4644-AD88-0F6010F66135}.Release|Any CPU.ActiveCfg = Release|Any CPU
		{10410C99-CA53-4644-AD88-0F6010F66135}.Release|Any CPU.Build.0 = Release|Any CPU
	EndGlobalSection
	GlobalSection(SolutionProperties) = preSolution
		HideSolutionNode = FALSE
	EndGlobalSection
	GlobalSection(ExtensibilityGlobals) = postSolution
		SolutionGuid = {6C722B48-D765-4023-9C98-2029EEC80A7B}
	EndGlobalSection
EndGlobal
